#MicroXplorer Configuration settings - do not modify
DMA2D.ColorMode=DMA2D_OUTPUT_RGB888
DMA2D.IPParameters=Mode,ColorMode,OutputOffset
DMA2D.Mode=DMA2D_R2M
DMA2D.OutputOffset=0xf
Dma.Request0=SDIO_TX
Dma.Request1=SDIO_RX
Dma.RequestsNb=2
Dma.SDIO_RX.1.Direction=DMA_PERIPH_TO_MEMORY
Dma.SDIO_RX.1.FIFOMode=DMA_FIFOMODE_ENABLE
Dma.SDIO_RX.1.FIFOThreshold=DMA_FIFO_THRESHOLD_FULL
Dma.SDIO_RX.1.Instance=DMA2_Stream6
Dma.SDIO_RX.1.MemBurst=DMA_MBURST_INC4
Dma.SDIO_RX.1.MemDataAlignment=DMA_MDATAALIGN_WORD
Dma.SDIO_RX.1.MemInc=DMA_MINC_ENABLE
Dma.SDIO_RX.1.Mode=DMA_PFCTRL
Dma.SDIO_RX.1.PeriphBurst=DMA_PBURST_INC4
Dma.SDIO_RX.1.PeriphDataAlignment=DMA_PDATAALIGN_WORD
Dma.SDIO_RX.1.PeriphInc=DMA_PINC_DISABLE
Dma.SDIO_RX.1.Priority=DMA_PRIORITY_LOW
Dma.SDIO_RX.1.RequestParameters=Instance,Direction,PeriphInc,MemInc,PeriphDataAlignment,MemDataAlignment,Mode,Priority,FIFOMode,FIFOThreshold,MemBurst,PeriphBurst
Dma.SDIO_TX.0.Direction=DMA_MEMORY_TO_PERIPH
Dma.SDIO_TX.0.FIFOMode=DMA_FIFOMODE_ENABLE
Dma.SDIO_TX.0.FIFOThreshold=DMA_FIFO_THRESHOLD_FULL
Dma.SDIO_TX.0.Instance=DMA2_Stream3
Dma.SDIO_TX.0.MemBurst=DMA_MBURST_INC4
Dma.SDIO_TX.0.MemDataAlignment=DMA_MDATAALIGN_WORD
Dma.SDIO_TX.0.MemInc=DMA_MINC_ENABLE
Dma.SDIO_TX.0.Mode=DMA_PFCTRL
Dma.SDIO_TX.0.PeriphBurst=DMA_PBURST_INC4
Dma.SDIO_TX.0.PeriphDataAlignment=DMA_PDATAALIGN_WORD
Dma.SDIO_TX.0.PeriphInc=DMA_PINC_DISABLE
Dma.SDIO_TX.0.Priority=DMA_PRIORITY_LOW
Dma.SDIO_TX.0.RequestParameters=Instance,Direction,PeriphInc,MemInc,PeriphDataAlignment,MemDataAlignment,Mode,Priority,FIFOMode,FIFOThreshold,MemBurst,PeriphBurst
FATFS.BSP.number=1
FATFS.IPParameters=_CODE_PAGE,_USE_LFN,_MAX_SS
FATFS._CODE_PAGE=936
FATFS._MAX_SS=4096
FATFS._USE_LFN=3
FATFS0.BSP.STBoard=false
FATFS0.BSP.api=Unknown
FATFS0.BSP.component=
FATFS0.BSP.condition=
FATFS0.BSP.i2caddr=0
FATFS0.BSP.i2creg=
FATFS0.BSP.instance=PC13
FATFS0.BSP.ip=GPIO
FATFS0.BSP.mode=Input
FATFS0.BSP.name=Detect_SDIO
FATFS0.BSP.semaphore=
FATFS0.BSP.solution=PC13
FMC.CASLatency1=FMC_SDRAM_CAS_LATENCY_3
FMC.ExitSelfRefreshDelay1=7
FMC.IPParameters=CASLatency1,SDClockPeriod1,SDClockPeriod2,LoadToActiveDelay1,ExitSelfRefreshDelay1,SelfRefreshTime1,RowCycleDelay1,RowCycleDelay2,WriteRecoveryTime1,RPDelay1,RPDelay2,RCDDelay1,ReadPipeDelay1,ReadPipeDelay2,ReadBurst1,ReadBurst2
FMC.LoadToActiveDelay1=2
FMC.RCDDelay1=2
FMC.RPDelay1=2
FMC.RPDelay2=2
FMC.ReadBurst1=FMC_SDRAM_RBURST_ENABLE
FMC.ReadBurst2=FMC_SDRAM_RBURST_ENABLE
FMC.ReadPipeDelay1=FMC_SDRAM_RPIPE_DELAY_1
FMC.ReadPipeDelay2=FMC_SDRAM_RPIPE_DELAY_1
FMC.RowCycleDelay1=7
FMC.RowCycleDelay2=7
FMC.SDClockPeriod1=FMC_SDRAM_CLOCK_PERIOD_2
FMC.SDClockPeriod2=FMC_SDRAM_CLOCK_PERIOD_2
FMC.SelfRefreshTime1=4
FMC.WriteRecoveryTime1=3
FREERTOS.FootprintOK=true
FREERTOS.INCLUDE_vTaskDelayUntil=1
FREERTOS.IPParameters=Tasks01,configTOTAL_HEAP_SIZE,FootprintOK,Queues01,configUSE_TRACE_FACILITY,configGENERATE_RUN_TIME_STATS,configUSE_STATS_FORMATTING_FUNCTIONS,configUSE_IDLE_HOOK,configUSE_TICK_HOOK,INCLUDE_vTaskDelayUntil,configUSE_MALLOC_FAILED_HOOK
FREERTOS.Queues01=gui_msg_q,8,uint32_t,0,Dynamic,NULL,NULL;hal_msg_q,16,uint32_t,0,Dynamic,NULL,NULL
FREERTOS.Tasks01=defaultTask,0,4096,StartDefaultTask,Default,NULL,Dynamic,NULL,NULL;LEDTask,-2,512,StartLEDTask,Default,NULL,Dynamic,NULL,NULL;GUITask,1,1024,StartTGUITask,Default,NULL,Dynamic,NULL,NULL
FREERTOS.configGENERATE_RUN_TIME_STATS=0
FREERTOS.configTOTAL_HEAP_SIZE=32768
FREERTOS.configUSE_IDLE_HOOK=1
FREERTOS.configUSE_MALLOC_FAILED_HOOK=1
FREERTOS.configUSE_STATS_FORMATTING_FUNCTIONS=1
FREERTOS.configUSE_TICK_HOOK=1
FREERTOS.configUSE_TRACE_FACILITY=1
File.Version=6
GRAPHICS.BSP.number=4
GRAPHICS.Check_OTM8009A_PixelFormat-TouchGFX_F429_439=1
GRAPHICS.EA_3_command_line_template-TouchGFX_F429_439=\#EA_3_input_param1\#
GRAPHICS.EA_3_executable_name-TouchGFX_F429_439=
GRAPHICS.EA_3_in_file1_param2=800
GRAPHICS.EA_3_in_file1_param3=480
GRAPHICS.EA_3_in_file1_param4=demo
GRAPHICS.EA_3_in_file1_param7=MDK-ARM V5
GRAPHICS.EA_3_os-TouchGFX_F429_439=Windows
GRAPHICS.EW_FRAME_BUFFER_COLOR_FORMAT-TouchGFX_F429_439=RGB888
GRAPHICS.GUI_NUM_LAYERS-TouchGFX_F429_439=1
GRAPHICS.IPParameters=Use_ili9341,EA_3_in_file1_param2,EA_3_in_file1_param3,TGFX_Pixel_Format_DPI_DSI-TouchGFX_F429_439,TGFX_depth-TouchGFX_F429_439,GUI_NUM_LAYERS-TouchGFX_F429_439,Use_ili9341_Check-TouchGFX_F429_439,EA_3_os-TouchGFX_F429_439,EA_3_command_line_template-TouchGFX_F429_439,EW_FRAME_BUFFER_COLOR_FORMAT-TouchGFX_F429_439,Check_OTM8009A_PixelFormat-TouchGFX_F429_439,Use_SDRAM-TouchGFX_F429_439,Use_DSI-TouchGFX_F429_439,USE_Embedded_Wizard-TouchGFX_F429_439,USE_STTouchGFX-TouchGFX_F429_439,EA_3_in_file1_param4,EA_3_in_file1_param7,EA_3_executable_name-TouchGFX_F429_439
GRAPHICS.TGFX_Pixel_Format_DPI_DSI-TouchGFX_F429_439=RGB888
GRAPHICS.TGFX_depth-TouchGFX_F429_439=24
GRAPHICS.USE_Embedded_Wizard-TouchGFX_F429_439=0
GRAPHICS.USE_STTouchGFX-TouchGFX_F429_439=1
GRAPHICS.Use_DSI-TouchGFX_F429_439=0
GRAPHICS.Use_SDRAM-TouchGFX_F429_439=SDRAM1_BANK2
GRAPHICS.Use_ili9341=0
GRAPHICS.Use_ili9341_Check-TouchGFX_F429_439=0
GRAPHICS0.BSP.STBoard=false
GRAPHICS0.BSP.api=Unknown
GRAPHICS0.BSP.component=
GRAPHICS0.BSP.condition=
GRAPHICS0.BSP.i2caddr=0
GRAPHICS0.BSP.i2creg=
GRAPHICS0.BSP.instance=PH10
GRAPHICS0.BSP.ip=GPIO
GRAPHICS0.BSP.mode=Output
GRAPHICS0.BSP.name=Chip Select
GRAPHICS0.BSP.semaphore=
GRAPHICS0.BSP.solution=PH10
GRAPHICS1.BSP.STBoard=false
GRAPHICS1.BSP.api=Unknown
GRAPHICS1.BSP.component=
GRAPHICS1.BSP.condition=
GRAPHICS1.BSP.i2caddr=0
GRAPHICS1.BSP.i2creg=
GRAPHICS1.BSP.instance=PH11
GRAPHICS1.BSP.ip=GPIO
GRAPHICS1.BSP.mode=Output
GRAPHICS1.BSP.name=WRX High
GRAPHICS1.BSP.semaphore=
GRAPHICS1.BSP.solution=PH11
GRAPHICS2.BSP.STBoard=false
GRAPHICS2.BSP.api=Unknown
GRAPHICS2.BSP.component=
GRAPHICS2.BSP.condition=
GRAPHICS2.BSP.i2caddr=0
GRAPHICS2.BSP.i2creg=
GRAPHICS2.BSP.instance=SPI5
GRAPHICS2.BSP.ip=SPI
GRAPHICS2.BSP.mode=Full-Duplex Master
GRAPHICS2.BSP.name=SPI_PIN
GRAPHICS2.BSP.semaphore=
GRAPHICS2.BSP.solution=SPI5
GRAPHICS3.BSP.STBoard=false
GRAPHICS3.BSP.api=Unknown
GRAPHICS3.BSP.component=
GRAPHICS3.BSP.condition=
GRAPHICS3.BSP.i2caddr=0
GRAPHICS3.BSP.i2creg=
GRAPHICS3.BSP.instance=PH12
GRAPHICS3.BSP.ip=GPIO
GRAPHICS3.BSP.mode=Output
GRAPHICS3.BSP.name=RDX High
GRAPHICS3.BSP.semaphore=
GRAPHICS3.BSP.solution=PH12
KeepUserPlacement=false
LTDC.ActiveW=800
LTDC.Alpha0_L0=255
LTDC.Alpha_L0=255
LTDC.BlendingFactor2_L0=LTDC_BLENDING_FACTOR2_CA
LTDC.Blue_L0=255
LTDC.FBStartAdress_L0=0xD0000000
LTDC.Green_L0=255
LTDC.HBP=46
LTDC.HFP=20
LTDC.HSync=1
LTDC.IPParameters=HSync,HBP,ActiveW,HFP,VSync,VBP,VFP,WindowX1_L0,WindowY1_L0,PixelFormat_L0,Layers,Alpha_L0,Alpha0_L0,BlendingFactor2_L0,FBStartAdress_L0,ImageWidth_L0,ImageHeight_L0,Blue_L0,Green_L0,Red_L0
LTDC.ImageHeight_L0=480
LTDC.ImageWidth_L0=800
LTDC.Layers=0
LTDC.PixelFormat_L0=LTDC_PIXEL_FORMAT_RGB888
LTDC.Red_L0=255
LTDC.VBP=23
LTDC.VFP=22
LTDC.VSync=1
LTDC.WindowX1_L0=800
LTDC.WindowY1_L0=480
Mcu.Family=STM32F4
Mcu.IP0=CRC
Mcu.IP1=DMA
Mcu.IP10=SDIO
Mcu.IP11=SPI5
Mcu.IP12=SYS
Mcu.IP13=TIM7
Mcu.IP14=USART1
Mcu.IP2=DMA2D
Mcu.IP3=FATFS
Mcu.IP4=FMC
Mcu.IP5=FREERTOS
Mcu.IP6=GRAPHICS
Mcu.IP7=LTDC
Mcu.IP8=NVIC
Mcu.IP9=RCC
Mcu.IPNb=15
Mcu.Name=STM32F429I(E-G)Tx
Mcu.Package=LQFP176
Mcu.Pin0=PE4
Mcu.Pin1=PE5
Mcu.Pin10=PF4
Mcu.Pin100=VP_SYS_VS_tim6
Mcu.Pin101=VP_TIM7_VS_ClockSourceINT
Mcu.Pin11=PF5
Mcu.Pin12=PF6
Mcu.Pin13=PF7
Mcu.Pin14=PF8
Mcu.Pin15=PF9
Mcu.Pin16=PF10
Mcu.Pin17=PH0/OSC_IN
Mcu.Pin18=PH1/OSC_OUT
Mcu.Pin19=PC0
Mcu.Pin2=PE6
Mcu.Pin20=PA0/WKUP
Mcu.Pin21=PH2
Mcu.Pin22=PH3
Mcu.Pin23=PH4
Mcu.Pin24=PH5
Mcu.Pin25=PF11
Mcu.Pin26=PF12
Mcu.Pin27=PF13
Mcu.Pin28=PF14
Mcu.Pin29=PF15
Mcu.Pin3=PC13
Mcu.Pin30=PG0
Mcu.Pin31=PG1
Mcu.Pin32=PE7
Mcu.Pin33=PE8
Mcu.Pin34=PE9
Mcu.Pin35=PE10
Mcu.Pin36=PE11
Mcu.Pin37=PE12
Mcu.Pin38=PE13
Mcu.Pin39=PE14
Mcu.Pin4=PI9
Mcu.Pin40=PE15
Mcu.Pin41=PH6
Mcu.Pin42=PH7
Mcu.Pin43=PH8
Mcu.Pin44=PH9
Mcu.Pin45=PH10
Mcu.Pin46=PH11
Mcu.Pin47=PH12
Mcu.Pin48=PD8
Mcu.Pin49=PD9
Mcu.Pin5=PI10
Mcu.Pin50=PD10
Mcu.Pin51=PD12
Mcu.Pin52=PD13
Mcu.Pin53=PD14
Mcu.Pin54=PD15
Mcu.Pin55=PG4
Mcu.Pin56=PG5
Mcu.Pin57=PG6
Mcu.Pin58=PG7
Mcu.Pin59=PG8
Mcu.Pin6=PF0
Mcu.Pin60=PC7
Mcu.Pin61=PC8
Mcu.Pin62=PC9
Mcu.Pin63=PA8
Mcu.Pin64=PA9
Mcu.Pin65=PA10
Mcu.Pin66=PA11
Mcu.Pin67=PA12
Mcu.Pin68=PA13
Mcu.Pin69=PH13
Mcu.Pin7=PF1
Mcu.Pin70=PH15
Mcu.Pin71=PI0
Mcu.Pin72=PI2
Mcu.Pin73=PA14
Mcu.Pin74=PC10
Mcu.Pin75=PC11
Mcu.Pin76=PC12
Mcu.Pin77=PD0
Mcu.Pin78=PD1
Mcu.Pin79=PD2
Mcu.Pin8=PF2
Mcu.Pin80=PD4
Mcu.Pin81=PD6
Mcu.Pin82=PD7
Mcu.Pin83=PG9
Mcu.Pin84=PG10
Mcu.Pin85=PG11
Mcu.Pin86=PG12
Mcu.Pin87=PG15
Mcu.Pin88=PB8
Mcu.Pin89=PB9
Mcu.Pin9=PF3
Mcu.Pin90=PE0
Mcu.Pin91=PE1
Mcu.Pin92=PI4
Mcu.Pin93=PI5
Mcu.Pin94=VP_CRC_VS_CRC
Mcu.Pin95=VP_DMA2D_VS_DMA2D
Mcu.Pin96=VP_FATFS_VS_SDIO
Mcu.Pin97=VP_FREERTOS_VS_CMSIS_V1
Mcu.Pin98=VP_GRAPHICS_VS-Touch-GFX
Mcu.Pin99=VP_GRAPHICS_VS-DisplayInterface-LTDC
Mcu.PinsNb=102
Mcu.ThirdPartyNb=0
Mcu.UserConstants=
Mcu.UserName=STM32F429IGTx
MxCube.Version=5.3.0
MxDb.Version=DB.5.0.30
NVIC.BusFault_IRQn=true\:0\:0\:false\:false\:true\:false\:false\:false
NVIC.DMA2D_IRQn=true\:5\:0\:false\:false\:true\:true\:true\:true
NVIC.DMA2_Stream3_IRQn=true\:5\:0\:false\:false\:true\:true\:false\:true
NVIC.DMA2_Stream6_IRQn=true\:5\:0\:false\:false\:true\:true\:false\:true
NVIC.DebugMonitor_IRQn=true\:0\:0\:false\:false\:true\:false\:false\:false
NVIC.HardFault_IRQn=true\:0\:0\:false\:false\:true\:false\:false\:false
NVIC.LTDC_IRQn=true\:5\:0\:false\:false\:true\:true\:true\:true
NVIC.MemoryManagement_IRQn=true\:0\:0\:false\:false\:true\:false\:false\:false
NVIC.NonMaskableInt_IRQn=true\:0\:0\:false\:false\:true\:false\:false\:false
NVIC.PendSV_IRQn=true\:15\:0\:false\:false\:false\:true\:false\:false
NVIC.PriorityGroup=NVIC_PRIORITYGROUP_4
NVIC.SDIO_IRQn=true\:5\:0\:false\:false\:true\:true\:true\:true
NVIC.SVCall_IRQn=true\:0\:0\:false\:false\:false\:false\:false\:false
NVIC.SysTick_IRQn=true\:15\:0\:false\:false\:false\:true\:false\:true
NVIC.TIM6_DAC_IRQn=true\:0\:0\:false\:false\:true\:false\:false\:true
NVIC.TimeBase=TIM6_DAC_IRQn
NVIC.TimeBaseIP=TIM6
NVIC.UsageFault_IRQn=true\:0\:0\:false\:false\:true\:false\:false\:false
PA0/WKUP.GPIOParameters=GPIO_PuPd,GPIO_Label
PA0/WKUP.GPIO_Label=KEY1
PA0/WKUP.GPIO_PuPd=GPIO_PULLDOWN
PA0/WKUP.Locked=true
PA0/WKUP.Signal=GPIO_Input
PA10.Mode=Asynchronous
PA10.Signal=USART1_RX
PA11.Mode=RGB888
PA11.Signal=LTDC_R4
PA12.Mode=RGB888
PA12.Signal=LTDC_R5
PA13.Mode=Serial_Wire
PA13.Signal=SYS_JTMS-SWDIO
PA14.Mode=Serial_Wire
PA14.Signal=SYS_JTCK-SWCLK
PA8.Locked=true
PA8.Mode=RGB888
PA8.Signal=LTDC_R6
PA9.Mode=Asynchronous
PA9.Signal=USART1_TX
PB8.Mode=RGB888
PB8.Signal=LTDC_B6
PB9.Mode=RGB888
PB9.Signal=LTDC_B7
PC0.Signal=FMC_SDNWE
PC10.Mode=SD_4_bits_Wide_bus
PC10.Signal=SDIO_D2
PC11.Mode=SD_4_bits_Wide_bus
PC11.Signal=SDIO_D3
PC12.Mode=SD_4_bits_Wide_bus
PC12.Signal=SDIO_CK
PC13.GPIOParameters=GPIO_PuPd,GPIO_Label
PC13.GPIO_Label=KEY
PC13.GPIO_PuPd=GPIO_PULLDOWN
PC13.Locked=true
PC13.Signal=GPIO_Input
PC7.Mode=RGB888
PC7.Signal=LTDC_G6
PC8.Mode=SD_4_bits_Wide_bus
PC8.Signal=SDIO_D0
PC9.Mode=SD_4_bits_Wide_bus
PC9.Signal=SDIO_D1
PCC.Checker=false
PCC.Line=STM32F429/439
PCC.MCU=STM32F429I(E-G)Tx
PCC.PartNumber=STM32F429IGTx
PCC.Seq0=0
PCC.Series=STM32F4
PCC.Temperature=25
PCC.Vdd=3.3
PD0.Signal=FMC_D2_DA2
PD1.Signal=FMC_D3_DA3
PD10.Signal=FMC_D15_DA15
PD12.GPIOParameters=GPIO_PuPd,GPIO_Label
PD12.GPIO_Label=CTP_RSTN
PD12.GPIO_PuPd=GPIO_PULLDOWN
PD12.Locked=true
PD12.Signal=GPIO_Output
PD13.GPIOParameters=GPIO_PuPd,GPIO_Label
PD13.GPIO_Label=CTP_INT
PD13.GPIO_PuPd=GPIO_PULLDOWN
PD13.Locked=true
PD13.Signal=GPXTI13
PD14.Signal=FMC_D0_DA0
PD15.Signal=FMC_D1_DA1
PD2.Mode=SD_4_bits_Wide_bus
PD2.Signal=SDIO_CMD
PD4.GPIOParameters=PinState,GPIO_PuPd,GPIO_Label
PD4.GPIO_Label=DISP
PD4.GPIO_PuPd=GPIO_PULLUP
PD4.Locked=true
PD4.PinState=GPIO_PIN_SET
PD4.Signal=GPIO_Output
PD6.Locked=true
PD6.Mode=RGB888
PD6.Signal=LTDC_B2
PD7.GPIOParameters=PinState,GPIO_PuPd,GPIO_Label
PD7.GPIO_Label=LCD_BL
PD7.GPIO_PuPd=GPIO_PULLUP
PD7.Locked=true
PD7.PinState=GPIO_PIN_SET
PD7.Signal=GPIO_Output
PD8.Signal=FMC_D13_DA13
PD9.Signal=FMC_D14_DA14
PE0.Signal=FMC_NBL0
PE1.Signal=FMC_NBL1
PE10.Signal=FMC_D7_DA7
PE11.Signal=FMC_D8_DA8
PE12.Signal=FMC_D9_DA9
PE13.Signal=FMC_D10_DA10
PE14.Signal=FMC_D11_DA11
PE15.Signal=FMC_D12_DA12
PE4.Mode=RGB888
PE4.Signal=LTDC_B0
PE5.Mode=RGB888
PE5.Signal=LTDC_G0
PE6.Mode=RGB888
PE6.Signal=LTDC_G1
PE7.Signal=FMC_D4_DA4
PE8.Signal=FMC_D5_DA5
PE9.Signal=FMC_D6_DA6
PF0.Signal=FMC_A0
PF1.Signal=FMC_A1
PF10.Mode=RGB888
PF10.Signal=LTDC_DE
PF11.Signal=FMC_SDNRAS
PF12.Signal=FMC_A6
PF13.Signal=FMC_A7
PF14.Signal=FMC_A8
PF15.Signal=FMC_A9
PF2.Signal=FMC_A2
PF3.Signal=FMC_A3
PF4.Signal=FMC_A4
PF5.Signal=FMC_A5
PF6.GPIOParameters=PinState,GPIO_Label
PF6.GPIO_Label=SPI5_NSS
PF6.Locked=true
PF6.PinState=GPIO_PIN_SET
PF6.Signal=GPIO_Output
PF7.Mode=Full_Duplex_Master
PF7.Signal=SPI5_SCK
PF8.Mode=Full_Duplex_Master
PF8.Signal=SPI5_MISO
PF9.Mode=Full_Duplex_Master
PF9.Signal=SPI5_MOSI
PG0.Signal=FMC_A10
PG1.Signal=FMC_A11
PG10.Locked=true
PG10.Mode=RGB888
PG10.Signal=LTDC_G3
PG11.Mode=RGB888
PG11.Signal=LTDC_B3
PG12.Mode=RGB888
PG12.Signal=LTDC_B1
PG15.Signal=FMC_SDNCAS
PG4.Signal=FMC_A14_BA0
PG5.Signal=FMC_A15_BA1
PG6.Mode=RGB888
PG6.Signal=LTDC_R7
PG7.Mode=RGB888
PG7.Signal=LTDC_CLK
PG8.Signal=FMC_SDCLK
PG9.GPIOParameters=GPIO_PuPd,GPIO_Label
PG9.GPIO_Label=WIFI_DISABLE
PG9.GPIO_PuPd=GPIO_PULLDOWN
PG9.Locked=true
PG9.Signal=GPIO_Output
PH0/OSC_IN.Mode=HSE-External-Oscillator
PH0/OSC_IN.Signal=RCC_OSC_IN
PH1/OSC_OUT.Mode=HSE-External-Oscillator
PH1/OSC_OUT.Signal=RCC_OSC_OUT
PH10.GPIOParameters=GPIO_Speed,PinState,GPIO_PuPd,GPIO_Label
PH10.GPIO_Label=LED_R
PH10.GPIO_PuPd=GPIO_PULLUP
PH10.GPIO_Speed=GPIO_SPEED_FREQ_HIGH
PH10.Locked=true
PH10.PinState=GPIO_PIN_SET
PH10.Signal=GPIO_Output
PH11.GPIOParameters=GPIO_Speed,PinState,GPIO_PuPd,GPIO_Label
PH11.GPIO_Label=LED_G
PH11.GPIO_PuPd=GPIO_PULLUP
PH11.GPIO_Speed=GPIO_SPEED_FREQ_HIGH
PH11.Locked=true
PH11.PinState=GPIO_PIN_SET
PH11.Signal=GPIO_Output
PH12.GPIOParameters=GPIO_Speed,PinState,GPIO_PuPd,GPIO_Label
PH12.GPIO_Label=LED_B
PH12.GPIO_PuPd=GPIO_PULLUP
PH12.GPIO_Speed=GPIO_SPEED_FREQ_HIGH
PH12.Locked=true
PH12.PinState=GPIO_PIN_SET
PH12.Signal=GPIO_Output
PH13.Locked=true
PH13.Mode=RGB888
PH13.Signal=LTDC_G2
PH15.Locked=true
PH15.Mode=RGB888
PH15.Signal=LTDC_G4
PH2.Locked=true
PH2.Mode=RGB888
PH2.Signal=LTDC_R0
PH3.Mode=RGB888
PH3.Signal=LTDC_R1
PH4.GPIOParameters=GPIO_Label
PH4.GPIO_Label=I2C_SCL
PH4.Locked=true
PH4.Signal=GPIO_Output
PH5.GPIOParameters=GPIO_Label
PH5.GPIO_Label=I2C_SDA
PH5.Locked=true
PH5.Signal=GPIO_Output
PH6.Mode=SdramChipSelect2_1
PH6.Signal=FMC_SDNE1
PH7.Mode=SdramChipSelect2_1
PH7.Signal=FMC_SDCKE1
PH8.Mode=RGB888
PH8.Signal=LTDC_R2
PH9.Locked=true
PH9.Mode=RGB888
PH9.Signal=LTDC_R3
PI0.Locked=true
PI0.Mode=RGB888
PI0.Signal=LTDC_G5
PI10.Mode=RGB888
PI10.Signal=LTDC_HSYNC
PI2.Mode=RGB888
PI2.Signal=LTDC_G7
PI4.Mode=RGB888
PI4.Signal=LTDC_B4
PI5.Locked=true
PI5.Mode=RGB888
PI5.Signal=LTDC_B5
PI9.Mode=RGB888
PI9.Signal=LTDC_VSYNC
PinOutPanel.RotationAngle=0
ProjectManager.AskForMigrate=true
ProjectManager.BackupPrevious=false
ProjectManager.CompilerOptimize=6
ProjectManager.ComputerToolchain=false
ProjectManager.CoupleFile=false
ProjectManager.CustomerFirmwarePackage=
ProjectManager.DefaultFWLocation=true
ProjectManager.DeletePrevious=true
ProjectManager.DeviceId=STM32F429IGTx
ProjectManager.FirmwarePackage=STM32Cube FW_F4 V1.24.1
ProjectManager.FreePins=false
ProjectManager.HalAssertFull=false
ProjectManager.HeapSize=0x400
ProjectManager.KeepUserCode=true
ProjectManager.LastFirmware=true
ProjectManager.LibraryCopy=0
ProjectManager.MainLocation=Src
ProjectManager.NoMain=false
ProjectManager.PreviousToolchain=
ProjectManager.ProjectBuild=false
ProjectManager.ProjectFileName=demo.ioc
ProjectManager.ProjectName=demo
ProjectManager.StackSize=0x400
ProjectManager.TargetToolchain=MDK-ARM V5
ProjectManager.ToolChainLocation=
ProjectManager.UnderRoot=false
ProjectManager.functionlistsort=1-MX_GPIO_Init-GPIO-false-HAL-true,2-MX_DMA_Init-DMA-false-HAL-true,3-SystemClock_Config-RCC-false-HAL-false,4-MX_CRC_Init-CRC-false-HAL-true,5-MX_SPI5_Init-SPI5-true-HAL-false,6-MX_USART1_UART_Init-USART1-false-HAL-true,7-GRAPHICS_Init-GRAPHICS-false-HAL-true,8-MX_SDIO_SD_Init-SDIO-false-HAL-true,9-MX_FATFS_Init-FATFS-false-HAL-true
RCC.48MHZClocksFreq_Value=45000000
RCC.AHBFreq_Value=180000000
RCC.APB1CLKDivider=RCC_HCLK_DIV4
RCC.APB1Freq_Value=45000000
RCC.APB1TimFreq_Value=90000000
RCC.APB2CLKDivider=RCC_HCLK_DIV2
RCC.APB2Freq_Value=90000000
RCC.APB2TimFreq_Value=180000000
RCC.CortexFreq_Value=180000000
RCC.EthernetFreq_Value=180000000
RCC.FCLKCortexFreq_Value=180000000
RCC.FamilyName=M
RCC.HCLKFreq_Value=180000000
RCC.HSE_VALUE=25000000
RCC.HSI_VALUE=16000000
RCC.I2SClocksFreq_Value=96000000
RCC.IPParameters=48MHZClocksFreq_Value,AHBFreq_Value,APB1CLKDivider,APB1Freq_Value,APB1TimFreq_Value,APB2CLKDivider,APB2Freq_Value,APB2TimFreq_Value,CortexFreq_Value,EthernetFreq_Value,FCLKCortexFreq_Value,FamilyName,HCLKFreq_Value,HSE_VALUE,HSI_VALUE,I2SClocksFreq_Value,LCDTFTFreq_Value,LSE_VALUE,LSI_VALUE,MCO2PinFreq_Value,PLLCLKFreq_Value,PLLM,PLLN,PLLQ,PLLQCLKFreq_Value,PLLSAIDivR,PLLSAIN,PLLSAIR,PLLSourceVirtual,RTCFreq_Value,RTCHSEDivFreq_Value,SAI_AClocksFreq_Value,SAI_BClocksFreq_Value,SYSCLKFreq_VALUE,SYSCLKSource,VCOI2SOutputFreq_Value,VCOInputFreq_Value,VCOOutputFreq_Value,VCOSAIOutputFreq_Value,VCOSAIOutputFreq_ValueQ,VCOSAIOutputFreq_ValueR,VcooutputI2S,VcooutputI2SQ
RCC.LCDTFTFreq_Value=10500000
RCC.LSE_VALUE=32768
RCC.LSI_VALUE=32000
RCC.MCO2PinFreq_Value=180000000
RCC.PLLCLKFreq_Value=180000000
RCC.PLLM=25
RCC.PLLN=360
RCC.PLLQ=8
RCC.PLLQCLKFreq_Value=45000000
RCC.PLLSAIDivR=RCC_PLLSAIDIVR_8
RCC.PLLSAIN=420
RCC.PLLSAIR=5
RCC.PLLSourceVirtual=RCC_PLLSOURCE_HSE
RCC.RTCFreq_Value=32000
RCC.RTCHSEDivFreq_Value=12500000
RCC.SAI_AClocksFreq_Value=105000000
RCC.SAI_BClocksFreq_Value=105000000
RCC.SYSCLKFreq_VALUE=180000000
RCC.SYSCLKSource=RCC_SYSCLKSOURCE_PLLCLK
RCC.VCOI2SOutputFreq_Value=192000000
RCC.VCOInputFreq_Value=1000000
RCC.VCOOutputFreq_Value=360000000
RCC.VCOSAIOutputFreq_Value=420000000
RCC.VCOSAIOutputFreq_ValueQ=105000000
RCC.VCOSAIOutputFreq_ValueR=84000000
RCC.VcooutputI2S=96000000
RCC.VcooutputI2SQ=96000000
SH.FMC_A0.0=FMC_A0,12b-sda1
SH.FMC_A0.ConfNb=1
SH.FMC_A1.0=FMC_A1,12b-sda1
SH.FMC_A1.ConfNb=1
SH.FMC_A10.0=FMC_A10,12b-sda1
SH.FMC_A10.ConfNb=1
SH.FMC_A11.0=FMC_A11,12b-sda1
SH.FMC_A11.ConfNb=1
SH.FMC_A14_BA0.0=FMC_BA0,FourSdramBanks1
SH.FMC_A14_BA0.ConfNb=1
SH.FMC_A15_BA1.0=FMC_BA1,FourSdramBanks1
SH.FMC_A15_BA1.ConfNb=1
SH.FMC_A2.0=FMC_A2,12b-sda1
SH.FMC_A2.ConfNb=1
SH.FMC_A3.0=FMC_A3,12b-sda1
SH.FMC_A3.ConfNb=1
SH.FMC_A4.0=FMC_A4,12b-sda1
SH.FMC_A4.ConfNb=1
SH.FMC_A5.0=FMC_A5,12b-sda1
SH.FMC_A5.ConfNb=1
SH.FMC_A6.0=FMC_A6,12b-sda1
SH.FMC_A6.ConfNb=1
SH.FMC_A7.0=FMC_A7,12b-sda1
SH.FMC_A7.ConfNb=1
SH.FMC_A8.0=FMC_A8,12b-sda1
SH.FMC_A8.ConfNb=1
SH.FMC_A9.0=FMC_A9,12b-sda1
SH.FMC_A9.ConfNb=1
SH.FMC_D0_DA0.0=FMC_D0,sd-16b-d1
SH.FMC_D0_DA0.ConfNb=1
SH.FMC_D10_DA10.0=FMC_D10,sd-16b-d1
SH.FMC_D10_DA10.ConfNb=1
SH.FMC_D11_DA11.0=FMC_D11,sd-16b-d1
SH.FMC_D11_DA11.ConfNb=1
SH.FMC_D12_DA12.0=FMC_D12,sd-16b-d1
SH.FMC_D12_DA12.ConfNb=1
SH.FMC_D13_DA13.0=FMC_D13,sd-16b-d1
SH.FMC_D13_DA13.ConfNb=1
SH.FMC_D14_DA14.0=FMC_D14,sd-16b-d1
SH.FMC_D14_DA14.ConfNb=1
SH.FMC_D15_DA15.0=FMC_D15,sd-16b-d1
SH.FMC_D15_DA15.ConfNb=1
SH.FMC_D1_DA1.0=FMC_D1,sd-16b-d1
SH.FMC_D1_DA1.ConfNb=1
SH.FMC_D2_DA2.0=FMC_D2,sd-16b-d1
SH.FMC_D2_DA2.ConfNb=1
SH.FMC_D3_DA3.0=FMC_D3,sd-16b-d1
SH.FMC_D3_DA3.ConfNb=1
SH.FMC_D4_DA4.0=FMC_D4,sd-16b-d1
SH.FMC_D4_DA4.ConfNb=1
SH.FMC_D5_DA5.0=FMC_D5,sd-16b-d1
SH.FMC_D5_DA5.ConfNb=1
SH.FMC_D6_DA6.0=FMC_D6,sd-16b-d1
SH.FMC_D6_DA6.ConfNb=1
SH.FMC_D7_DA7.0=FMC_D7,sd-16b-d1
SH.FMC_D7_DA7.ConfNb=1
SH.FMC_D8_DA8.0=FMC_D8,sd-16b-d1
SH.FMC_D8_DA8.ConfNb=1
SH.FMC_D9_DA9.0=FMC_D9,sd-16b-d1
SH.FMC_D9_DA9.ConfNb=1
SH.FMC_NBL0.0=FMC_NBL0,Sd2ByteEnable1
SH.FMC_NBL0.ConfNb=1
SH.FMC_NBL1.0=FMC_NBL1,Sd2ByteEnable1
SH.FMC_NBL1.ConfNb=1
SH.FMC_SDCLK.0=FMC_SDCLK,12b-sda1
SH.FMC_SDCLK.ConfNb=1
SH.FMC_SDNCAS.0=FMC_SDNCAS,12b-sda1
SH.FMC_SDNCAS.ConfNb=1
SH.FMC_SDNRAS.0=FMC_SDNRAS,12b-sda1
SH.FMC_SDNRAS.ConfNb=1
SH.FMC_SDNWE.0=FMC_SDNWE,12b-sda1
SH.FMC_SDNWE.ConfNb=1
SH.GPXTI13.0=GPIO_EXTI13
SH.GPXTI13.ConfNb=1
SPI5.CLKPhase=SPI_PHASE_2EDGE
SPI5.CLKPolarity=SPI_POLARITY_HIGH
SPI5.CalculateBaudRate=45.0 MBits/s
SPI5.Direction=SPI_DIRECTION_2LINES
SPI5.IPParameters=VirtualType,Mode,Direction,CalculateBaudRate,CLKPolarity,CLKPhase
SPI5.Mode=SPI_MODE_MASTER
SPI5.VirtualType=VM_MASTER
USART1.IPParameters=VirtualMode
USART1.VirtualMode=VM_ASYNC
VP_CRC_VS_CRC.Mode=CRC_Activate
VP_CRC_VS_CRC.Signal=CRC_VS_CRC
VP_DMA2D_VS_DMA2D.Mode=DMA2D_Activate
VP_DMA2D_VS_DMA2D.Signal=DMA2D_VS_DMA2D
VP_FATFS_VS_SDIO.Mode=SDIO
VP_FATFS_VS_SDIO.Signal=FATFS_VS_SDIO
VP_FREERTOS_VS_CMSIS_V1.Mode=CMSIS_V1
VP_FREERTOS_VS_CMSIS_V1.Signal=FREERTOS_VS_CMSIS_V1
VP_GRAPHICS_VS-DisplayInterface-LTDC.Mode=Display Parallel Interface using LTDC
VP_GRAPHICS_VS-DisplayInterface-LTDC.Signal=GRAPHICS_VS-DisplayInterface-LTDC
VP_GRAPHICS_VS-Touch-GFX.Mode=TouchGFX_F429_439
VP_GRAPHICS_VS-Touch-GFX.Signal=GRAPHICS_VS-Touch-GFX
VP_SYS_VS_tim6.Mode=TIM6
VP_SYS_VS_tim6.Signal=SYS_VS_tim6
VP_TIM7_VS_ClockSourceINT.Mode=Enable_Timer
VP_TIM7_VS_ClockSourceINT.Signal=TIM7_VS_ClockSourceINT
board=custom
